{
  "nodes": {
    "expidus-sdk": {
      "locked": {
        "lastModified": 1666207142,
        "narHash": "sha256-PDOX43vH748KgnNSeIAvtH4WyOliaQzR8OUrKw1ZS1Y=",
        "owner": "ExpidusOS",
        "repo": "sdk",
        "rev": "ef9652b41466c95f1125d807d4ed47b9f1a4b5e2",
        "type": "github"
      },
      "original": {
        "owner": "ExpidusOS",
        "repo": "sdk",
        "type": "github"
      }
    },
    "root": {
      "inputs": {
        "expidus-sdk": "expidus-sdk"
      }
    }
  },
  "root": "root",
  "version": 7
}
